
Microsoft Visual Studio Solution File, Format Version 12.00
# Visual Studio Version 17
VisualStudioVersion = 17.9.34902.65
MinimumVisualStudioVersion = 10.0.40219.1
Project("{FAE04EC0-301F-11D3-BF4B-00C04F79EFBC}") = "eTicket", "eTicket\eTicket.csproj", "{23B2F7C5-A815-4DD2-96EC-5C2DC0413008}"
EndProject
Global
	GlobalSection(SolutionConfigurationPlatforms) = preSolution
		Debug|Any CPU = Debug|Any CPU
		Release|Any CPU = Release|Any CPU
	EndGlobalSection
	GlobalSection(ProjectConfigurationPlatforms) = postSolution
		{23B2F7C5-A815-4DD2-96EC-5C2DC0413008}.Debug|Any CPU.ActiveCfg = Debug|Any CPU
		{23B2F7C5-A815-4DD2-96EC-5C2DC0413008}.Debug|Any CPU.Build.0 = Debug|Any CPU
		{23B2F7C5-A815-4DD2-96EC-5C2DC0413008}.Release|Any CPU.ActiveCfg = Release|Any CPU
		{23B2F7C5-A815-4DD2-96EC-5C2DC0413008}.Release|Any CPU.Build.0 = Release|Any CPU
	EndGlobalSection
	GlobalSection(SolutionProperties) = preSolution
		HideSolutionNode = FALSE
	EndGlobalSection
	GlobalSection(ExtensibilityGlobals) = postSolution
		SolutionGuid = {2A6FA480-BC47-40E9-98EE-C12C99B0BDEB}
	EndGlobalSection
EndGlobal
